
Microsoft Visual Studio Solution File, Format Version 12.00
# Visual Studio 15
VisualStudioVersion = 15.0.26730.15
MinimumVisualStudioVersion = 10.0.40219.1
Project("{9A19103F-16F7-4668-BE54-9A1E7A4F7556}") = "Sprotify.API", "src\Sprotify.API\Sprotify.API.csproj", "{2B47EA3F-836F-4E55-874A-6E76CC09BADB}"
EndProject
Project("{9A19103F-16F7-4668-BE54-9A1E7A4F7556}") = "Sprotify.Web", "src\Sprotify.Web\Sprotify.Web.csproj", "{9E13E78D-018B-40F8-85B9-A28118ED4C4C}"
EndProject
Project("{FAE04EC0-301F-11D3-BF4B-00C04F79EFBC}") = "EvilCorp.IDP", "src\EvilCorp.IDP\EvilCorp.IDP.csproj", "{31E63455-38D2-485A-BC05-632118D322CB}"
EndProject
Global
	GlobalSection(SolutionConfigurationPlatforms) = preSolution
		Debug|Any CPU = Debug|Any CPU
		Release|Any CPU = Release|Any CPU
	EndGlobalSection
	GlobalSection(ProjectConfigurationPlatforms) = postSolution
		{2B47EA3F-836F-4E55-874A-6E76CC09BADB}.Debug|Any CPU.ActiveCfg = Debug|Any CPU
		{2B47EA3F-836F-4E55-874A-6E76CC09BADB}.Debug|Any CPU.Build.0 = Debug|Any CPU
		{2B47EA3F-836F-4E55-874A-6E76CC09BADB}.Release|Any CPU.ActiveCfg = Release|Any CPU
		{2B47EA3F-836F-4E55-874A-6E76CC09BADB}.Release|Any CPU.Build.0 = Release|Any CPU
		{9E13E78D-018B-40F8-85B9-A28118ED4C4C}.Debug|Any CPU.ActiveCfg = Debug|Any CPU
		{9E13E78D-018B-40F8-85B9-A28118ED4C4C}.Debug|Any CPU.Build.0 = Debug|Any CPU
		{9E13E78D-018B-40F8-85B9-A28118ED4C4C}.Release|Any CPU.ActiveCfg = Release|Any CPU
		{9E13E78D-018B-40F8-85B9-A28118ED4C4C}.Release|Any CPU.Build.0 = Release|Any CPU
		{31E63455-38D2-485A-BC05-632118D322CB}.Debug|Any CPU.ActiveCfg = Debug|Any CPU
		{31E63455-38D2-485A-BC05-632118D322CB}.Debug|Any CPU.Build.0 = Debug|Any CPU
		{31E63455-38D2-485A-BC05-632118D322CB}.Release|Any CPU.ActiveCfg = Release|Any CPU
		{31E63455-38D2-485A-BC05-632118D322CB}.Release|Any CPU.Build.0 = Release|Any CPU
	EndGlobalSection
	GlobalSection(SolutionProperties) = preSolution
		HideSolutionNode = FALSE
	EndGlobalSection
	GlobalSection(ExtensibilityGlobals) = postSolution
		SolutionGuid = {B8C8B7AB-35A1-4419-969E-C1B16D21C0CB}
	EndGlobalSection
EndGlobal
