
Microsoft Visual Studio Solution File, Format Version 12.00
# Visual Studio 15
VisualStudioVersion = 15.0.26228.4
MinimumVisualStudioVersion = 10.0.40219.1
Project("{9A19103F-16F7-4668-BE54-9A1E7A4F7556}") = "Sprotify.API", "src\Sprotify.API\Sprotify.API.csproj", "{2B47EA3F-836F-4E55-874A-6E76CC09BADB}"
EndProject
Global
	GlobalSection(SolutionConfigurationPlatforms) = preSolution
		Debug|Any CPU = Debug|Any CPU
		Release|Any CPU = Release|Any CPU
	EndGlobalSection
	GlobalSection(ProjectConfigurationPlatforms) = postSolution
		{2B47EA3F-836F-4E55-874A-6E76CC09BADB}.Debug|Any CPU.ActiveCfg = Debug|Any CPU
		{2B47EA3F-836F-4E55-874A-6E76CC09BADB}.Debug|Any CPU.Build.0 = Debug|Any CPU
		{2B47EA3F-836F-4E55-874A-6E76CC09BADB}.Release|Any CPU.ActiveCfg = Release|Any CPU
		{2B47EA3F-836F-4E55-874A-6E76CC09BADB}.Release|Any CPU.Build.0 = Release|Any CPU
	EndGlobalSection
	GlobalSection(SolutionProperties) = preSolution
		HideSolutionNode = FALSE
	EndGlobalSection
EndGlobal
